
Microsoft Visual Studio Solution File, Format Version 12.00
# Visual Studio 15
VisualStudioVersion = 15.0.26403.7
MinimumVisualStudioVersion = 10.0.40219.1
Project("{D954291E-2A0B-460D-934E-DC6B0785DB48}") = "DandD", "DandD\DandD\DandD.shproj", "{94F3C29A-DBA1-435C-A44A-76782EA6C001}"
EndProject
Project("{FAE04EC0-301F-11D3-BF4B-00C04F79EFBC}") = "DandD.Android", "DandD\DandD.Android\DandD.Android.csproj", "{24BCFF16-F7C0-4661-A6EA-14703258F5A2}"
EndProject
Project("{FAE04EC0-301F-11D3-BF4B-00C04F79EFBC}") = "DandD.iOS", "DandD\DandD.iOS\DandD.iOS.csproj", "{C3750079-D345-47EA-B9D5-5194458F83B1}"
EndProject
Project("{FAE04EC0-301F-11D3-BF4B-00C04F79EFBC}") = "CharacterMonsterUnitTests", "UnitTestProject1\CharacterMonsterUnitTests.csproj", "{1D884ED2-C856-486F-B375-CC66CE63D02A}"
EndProject
Project("{FAE04EC0-301F-11D3-BF4B-00C04F79EFBC}") = "BattlefieldUnitTest", "BattlefieldUnitTest\BattlefieldUnitTest.csproj", "{9187919D-C80B-44DE-B448-90BA9271B49D}"
EndProject
Project("{FAE04EC0-301F-11D3-BF4B-00C04F79EFBC}") = "ItemUnitTests", "ItemUnitTests\ItemUnitTests.csproj", "{5653390A-7393-48D3-9455-8AC66B0CAD39}"
EndProject
Global
	GlobalSection(SharedMSBuildProjectFiles) = preSolution
		DandD\DandD\DandD.projitems*{24bcff16-f7c0-4661-a6ea-14703258f5a2}*SharedItemsImports = 4
		DandD\DandD\DandD.projitems*{94f3c29a-dba1-435c-a44a-76782ea6c001}*SharedItemsImports = 13
		DandD\DandD\DandD.projitems*{c3750079-d345-47ea-b9d5-5194458f83b1}*SharedItemsImports = 4
	EndGlobalSection
	GlobalSection(SolutionConfigurationPlatforms) = preSolution
		Debug|Any CPU = Debug|Any CPU
		Debug|iPhone = Debug|iPhone
		Debug|iPhoneSimulator = Debug|iPhoneSimulator
		Release|Any CPU = Release|Any CPU
		Release|iPhone = Release|iPhone
		Release|iPhoneSimulator = Release|iPhoneSimulator
	EndGlobalSection
	GlobalSection(ProjectConfigurationPlatforms) = postSolution
		{24BCFF16-F7C0-4661-A6EA-14703258F5A2}.Debug|Any CPU.ActiveCfg = Debug|Any CPU
		{24BCFF16-F7C0-4661-A6EA-14703258F5A2}.Debug|Any CPU.Build.0 = Debug|Any CPU
		{24BCFF16-F7C0-4661-A6EA-14703258F5A2}.Debug|Any CPU.Deploy.0 = Debug|Any CPU
		{24BCFF16-F7C0-4661-A6EA-14703258F5A2}.Debug|iPhone.ActiveCfg = Debug|Any CPU
		{24BCFF16-F7C0-4661-A6EA-14703258F5A2}.Debug|iPhone.Build.0 = Debug|Any CPU
		{24BCFF16-F7C0-4661-A6EA-14703258F5A2}.Debug|iPhone.Deploy.0 = Debug|Any CPU
		{24BCFF16-F7C0-4661-A6EA-14703258F5A2}.Debug|iPhoneSimulator.ActiveCfg = Debug|Any CPU
		{24BCFF16-F7C0-4661-A6EA-14703258F5A2}.Debug|iPhoneSimulator.Build.0 = Debug|Any CPU
		{24BCFF16-F7C0-4661-A6EA-14703258F5A2}.Debug|iPhoneSimulator.Deploy.0 = Debug|Any CPU
		{24BCFF16-F7C0-4661-A6EA-14703258F5A2}.Release|Any CPU.ActiveCfg = Release|Any CPU
		{24BCFF16-F7C0-4661-A6EA-14703258F5A2}.Release|Any CPU.Build.0 = Release|Any CPU
		{24BCFF16-F7C0-4661-A6EA-14703258F5A2}.Release|Any CPU.Deploy.0 = Release|Any CPU
		{24BCFF16-F7C0-4661-A6EA-14703258F5A2}.Release|iPhone.ActiveCfg = Release|Any CPU
		{24BCFF16-F7C0-4661-A6EA-14703258F5A2}.Release|iPhone.Build.0 = Release|Any CPU
		{24BCFF16-F7C0-4661-A6EA-14703258F5A2}.Release|iPhone.Deploy.0 = Release|Any CPU
		{24BCFF16-F7C0-4661-A6EA-14703258F5A2}.Release|iPhoneSimulator.ActiveCfg = Release|Any CPU
		{24BCFF16-F7C0-4661-A6EA-14703258F5A2}.Release|iPhoneSimulator.Build.0 = Release|Any CPU
		{24BCFF16-F7C0-4661-A6EA-14703258F5A2}.Release|iPhoneSimulator.Deploy.0 = Release|Any CPU
		{C3750079-D345-47EA-B9D5-5194458F83B1}.Debug|Any CPU.ActiveCfg = Debug|iPhone
		{C3750079-D345-47EA-B9D5-5194458F83B1}.Debug|iPhone.ActiveCfg = Debug|iPhone
		{C3750079-D345-47EA-B9D5-5194458F83B1}.Debug|iPhone.Build.0 = Debug|iPhone
		{C3750079-D345-47EA-B9D5-5194458F83B1}.Debug|iPhoneSimulator.ActiveCfg = Debug|iPhoneSimulator
		{C3750079-D345-47EA-B9D5-5194458F83B1}.Debug|iPhoneSimulator.Build.0 = Debug|iPhoneSimulator
		{C3750079-D345-47EA-B9D5-5194458F83B1}.Release|Any CPU.ActiveCfg = Release|iPhone
		{C3750079-D345-47EA-B9D5-5194458F83B1}.Release|iPhone.ActiveCfg = Release|iPhone
		{C3750079-D345-47EA-B9D5-5194458F83B1}.Release|iPhone.Build.0 = Release|iPhone
		{C3750079-D345-47EA-B9D5-5194458F83B1}.Release|iPhoneSimulator.ActiveCfg = Release|iPhoneSimulator
		{C3750079-D345-47EA-B9D5-5194458F83B1}.Release|iPhoneSimulator.Build.0 = Release|iPhoneSimulator
		{1D884ED2-C856-486F-B375-CC66CE63D02A}.Debug|Any CPU.ActiveCfg = Debug|Any CPU
		{1D884ED2-C856-486F-B375-CC66CE63D02A}.Debug|Any CPU.Build.0 = Debug|Any CPU
		{1D884ED2-C856-486F-B375-CC66CE63D02A}.Debug|iPhone.ActiveCfg = Debug|Any CPU
		{1D884ED2-C856-486F-B375-CC66CE63D02A}.Debug|iPhone.Build.0 = Debug|Any CPU
		{1D884ED2-C856-486F-B375-CC66CE63D02A}.Debug|iPhoneSimulator.ActiveCfg = Debug|Any CPU
		{1D884ED2-C856-486F-B375-CC66CE63D02A}.Debug|iPhoneSimulator.Build.0 = Debug|Any CPU
		{1D884ED2-C856-486F-B375-CC66CE63D02A}.Release|Any CPU.ActiveCfg = Release|Any CPU
		{1D884ED2-C856-486F-B375-CC66CE63D02A}.Release|Any CPU.Build.0 = Release|Any CPU
		{1D884ED2-C856-486F-B375-CC66CE63D02A}.Release|iPhone.ActiveCfg = Release|Any CPU
		{1D884ED2-C856-486F-B375-CC66CE63D02A}.Release|iPhone.Build.0 = Release|Any CPU
		{1D884ED2-C856-486F-B375-CC66CE63D02A}.Release|iPhoneSimulator.ActiveCfg = Release|Any CPU
		{1D884ED2-C856-486F-B375-CC66CE63D02A}.Release|iPhoneSimulator.Build.0 = Release|Any CPU
		{9187919D-C80B-44DE-B448-90BA9271B49D}.Debug|Any CPU.ActiveCfg = Debug|Any CPU
		{9187919D-C80B-44DE-B448-90BA9271B49D}.Debug|Any CPU.Build.0 = Debug|Any CPU
		{9187919D-C80B-44DE-B448-90BA9271B49D}.Debug|iPhone.ActiveCfg = Debug|Any CPU
		{9187919D-C80B-44DE-B448-90BA9271B49D}.Debug|iPhone.Build.0 = Debug|Any CPU
		{9187919D-C80B-44DE-B448-90BA9271B49D}.Debug|iPhoneSimulator.ActiveCfg = Debug|Any CPU
		{9187919D-C80B-44DE-B448-90BA9271B49D}.Debug|iPhoneSimulator.Build.0 = Debug|Any CPU
		{9187919D-C80B-44DE-B448-90BA9271B49D}.Release|Any CPU.ActiveCfg = Release|Any CPU
		{9187919D-C80B-44DE-B448-90BA9271B49D}.Release|Any CPU.Build.0 = Release|Any CPU
		{9187919D-C80B-44DE-B448-90BA9271B49D}.Release|iPhone.ActiveCfg = Release|Any CPU
		{9187919D-C80B-44DE-B448-90BA9271B49D}.Release|iPhone.Build.0 = Release|Any CPU
		{9187919D-C80B-44DE-B448-90BA9271B49D}.Release|iPhoneSimulator.ActiveCfg = Release|Any CPU
		{9187919D-C80B-44DE-B448-90BA9271B49D}.Release|iPhoneSimulator.Build.0 = Release|Any CPU
		{5653390A-7393-48D3-9455-8AC66B0CAD39}.Debug|Any CPU.ActiveCfg = Debug|Any CPU
		{5653390A-7393-48D3-9455-8AC66B0CAD39}.Debug|Any CPU.Build.0 = Debug|Any CPU
		{5653390A-7393-48D3-9455-8AC66B0CAD39}.Debug|iPhone.ActiveCfg = Debug|Any CPU
		{5653390A-7393-48D3-9455-8AC66B0CAD39}.Debug|iPhone.Build.0 = Debug|Any CPU
		{5653390A-7393-48D3-9455-8AC66B0CAD39}.Debug|iPhoneSimulator.ActiveCfg = Debug|Any CPU
		{5653390A-7393-48D3-9455-8AC66B0CAD39}.Debug|iPhoneSimulator.Build.0 = Debug|Any CPU
		{5653390A-7393-48D3-9455-8AC66B0CAD39}.Release|Any CPU.ActiveCfg = Release|Any CPU
		{5653390A-7393-48D3-9455-8AC66B0CAD39}.Release|Any CPU.Build.0 = Release|Any CPU
		{5653390A-7393-48D3-9455-8AC66B0CAD39}.Release|iPhone.ActiveCfg = Release|Any CPU
		{5653390A-7393-48D3-9455-8AC66B0CAD39}.Release|iPhone.Build.0 = Release|Any CPU
		{5653390A-7393-48D3-9455-8AC66B0CAD39}.Release|iPhoneSimulator.ActiveCfg = Release|Any CPU
		{5653390A-7393-48D3-9455-8AC66B0CAD39}.Release|iPhoneSimulator.Build.0 = Release|Any CPU
	EndGlobalSection
	GlobalSection(SolutionProperties) = preSolution
		HideSolutionNode = FALSE
	EndGlobalSection
EndGlobal
